<?xml version="1.0" encoding="UTF-8" standalone="yes" ?>
<CodeBlocks_project_file>
	<FileVersion major="1" minor="6" />
	<Project>
		<Option title="MyOPL" />
		<Option pch_mode="2" />
		<Option compiler="gcc" />
		<Build>
			<Target title="Debug">
				<Option output="bin/Debug/MyOPL" prefix_auto="1" extension_auto="1" />
				<Option object_output="obj/Debug/" />
				<Option type="1" />
				<Option compiler="gcc" />
				<Compiler>
					<Add option="-Wall" />
					<Add option="-std=c++11" />
					<Add option="-g" />
					<Add directory="include" />
				</Compiler>
			</Target>
			<Target title="Release">
				<Option output="bin/Release/MyOPL" prefix_auto="1" extension_auto="1" />
				<Option object_output="obj/Release/" />
				<Option type="1" />
				<Option compiler="gcc" />
				<Compiler>
					<Add option="-O2" />
					<Add directory="include" />
				</Compiler>
				<Linker>
					<Add option="-s" />
				</Linker>
			</Target>
		</Build>
		<Compiler>
			<Add option="-Wall" />
			<Add option="-fexceptions" />
		</Compiler>
		<Unit filename="grammar.txt" />
		<Unit filename="include/Context.hpp" />
		<Unit filename="include/Error.hpp" />
		<Unit filename="include/Errors.hpp" />
		<Unit filename="include/Interpreter.hpp" />
		<Unit filename="include/LangTools.hpp" />
		<Unit filename="include/Lexer.hpp" />
		<Unit filename="include/Node.hpp" />
		<Unit filename="include/Number.hpp" />
		<Unit filename="include/ParseResult.hpp" />
		<Unit filename="include/Parser.hpp" />
		<Unit filename="include/Position.hpp" />
		<Unit filename="include/RuntimeResult.hpp" />
		<Unit filename="include/StringUtils.hpp" />
		<Unit filename="include/SymbolTable.hpp" />
		<Unit filename="include/Token.hpp" />
		<Unit filename="include/Value.hpp" />
		<Unit filename="main.cpp" />
		<Unit filename="src/Context.cpp" />
		<Unit filename="src/Error.cpp" />
		<Unit filename="src/Interpreter.cpp" />
		<Unit filename="src/LangTools.cpp" />
		<Unit filename="src/Lexer.cpp" />
		<Unit filename="src/Node.cpp" />
		<Unit filename="src/Number.cpp" />
		<Unit filename="src/ParseResult.cpp" />
		<Unit filename="src/Parser.cpp" />
		<Unit filename="src/Position.cpp" />
		<Unit filename="src/RuntimeResult.cpp" />
		<Unit filename="src/StringUtils.cpp" />
		<Unit filename="src/SymbolTable.cpp" />
		<Unit filename="src/Token.cpp" />
		<Unit filename="src/Value.cpp" />
		<Extensions>
			<lib_finder disable_auto="1" />
		</Extensions>
	</Project>
</CodeBlocks_project_file>
